
Microsoft Visual Studio Solution File, Format Version 12.00
# Visual Studio Version 16
VisualStudioVersion = 16.0.29306.81
MinimumVisualStudioVersion = 10.0.40219.1
Project("{9A19103F-16F7-4668-BE54-9A1E7A4F7556}") = "Zork.Console", "Zork\Zork.Console.csproj", "{1C6CBF32-5229-478D-8CDD-44B7261A4743}"
EndProject
Project("{9A19103F-16F7-4668-BE54-9A1E7A4F7556}") = "Zork.Common", "Zork.Common\Zork.Common.csproj", "{F7AD938F-82D3-4479-A003-F11CB78838B5}"
EndProject
Project("{FAE04EC0-301F-11D3-BF4B-00C04F79EFBC}") = "Zork.Builder", "Zork.Builder\Zork.Builder.csproj", "{69C8CDDE-995D-4679-9633-D375AA370F48}"
EndProject
Global
	GlobalSection(SolutionConfigurationPlatforms) = preSolution
		Debug|Any CPU = Debug|Any CPU
		Release|Any CPU = Release|Any CPU
	EndGlobalSection
	GlobalSection(ProjectConfigurationPlatforms) = postSolution
		{1C6CBF32-5229-478D-8CDD-44B7261A4743}.Debug|Any CPU.ActiveCfg = Debug|Any CPU
		{1C6CBF32-5229-478D-8CDD-44B7261A4743}.Debug|Any CPU.Build.0 = Debug|Any CPU
		{1C6CBF32-5229-478D-8CDD-44B7261A4743}.Release|Any CPU.ActiveCfg = Release|Any CPU
		{1C6CBF32-5229-478D-8CDD-44B7261A4743}.Release|Any CPU.Build.0 = Release|Any CPU
		{F7AD938F-82D3-4479-A003-F11CB78838B5}.Debug|Any CPU.ActiveCfg = Debug|Any CPU
		{F7AD938F-82D3-4479-A003-F11CB78838B5}.Debug|Any CPU.Build.0 = Debug|Any CPU
		{F7AD938F-82D3-4479-A003-F11CB78838B5}.Release|Any CPU.ActiveCfg = Release|Any CPU
		{F7AD938F-82D3-4479-A003-F11CB78838B5}.Release|Any CPU.Build.0 = Release|Any CPU
		{69C8CDDE-995D-4679-9633-D375AA370F48}.Debug|Any CPU.ActiveCfg = Debug|Any CPU
		{69C8CDDE-995D-4679-9633-D375AA370F48}.Debug|Any CPU.Build.0 = Debug|Any CPU
		{69C8CDDE-995D-4679-9633-D375AA370F48}.Release|Any CPU.ActiveCfg = Release|Any CPU
		{69C8CDDE-995D-4679-9633-D375AA370F48}.Release|Any CPU.Build.0 = Release|Any CPU
	EndGlobalSection
	GlobalSection(SolutionProperties) = preSolution
		HideSolutionNode = FALSE
	EndGlobalSection
	GlobalSection(ExtensibilityGlobals) = postSolution
		SolutionGuid = {AD0F3288-ACCD-4978-A6A9-C5FF34C19C9F}
	EndGlobalSection
EndGlobal
